
Microsoft Visual Studio Solution File, Format Version 12.00
# Visual Studio Version 17
VisualStudioVersion = 17.7.34024.191
MinimumVisualStudioVersion = 10.0.40219.1
Project("{FAE04EC0-301F-11D3-BF4B-00C04F79EFBC}") = "AverageGrades", "AverageGrades\AverageGrades.csproj", "{3A67F9ED-A624-435B-A64B-6F6D2145200F}"
EndProject
Global
	GlobalSection(SolutionConfigurationPlatforms) = preSolution
		Debug|Any CPU = Debug|Any CPU
		Release|Any CPU = Release|Any CPU
	EndGlobalSection
	GlobalSection(ProjectConfigurationPlatforms) = postSolution
		{3A67F9ED-A624-435B-A64B-6F6D2145200F}.Debug|Any CPU.ActiveCfg = Debug|Any CPU
		{3A67F9ED-A624-435B-A64B-6F6D2145200F}.Debug|Any CPU.Build.0 = Debug|Any CPU
		{3A67F9ED-A624-435B-A64B-6F6D2145200F}.Release|Any CPU.ActiveCfg = Release|Any CPU
		{3A67F9ED-A624-435B-A64B-6F6D2145200F}.Release|Any CPU.Build.0 = Release|Any CPU
	EndGlobalSection
	GlobalSection(SolutionProperties) = preSolution
		HideSolutionNode = FALSE
	EndGlobalSection
	GlobalSection(ExtensibilityGlobals) = postSolution
		SolutionGuid = {5D51FBD2-D23A-4DEB-88FA-216308FA21BE}
	EndGlobalSection
EndGlobal
