
Microsoft Visual Studio Solution File, Format Version 12.00
# Visual Studio Version 17
VisualStudioVersion = 17.7.34024.191
MinimumVisualStudioVersion = 10.0.40219.1
Project("{FAE04EC0-301F-11D3-BF4B-00C04F79EFBC}") = "Examples_ArrayClass", "Examples_ArrayClass\Examples_ArrayClass.csproj", "{8A4DB238-C2DF-475F-B615-1F4EA06A6AF2}"
EndProject
Global
	GlobalSection(SolutionConfigurationPlatforms) = preSolution
		Debug|Any CPU = Debug|Any CPU
		Release|Any CPU = Release|Any CPU
	EndGlobalSection
	GlobalSection(ProjectConfigurationPlatforms) = postSolution
		{8A4DB238-C2DF-475F-B615-1F4EA06A6AF2}.Debug|Any CPU.ActiveCfg = Debug|Any CPU
		{8A4DB238-C2DF-475F-B615-1F4EA06A6AF2}.Debug|Any CPU.Build.0 = Debug|Any CPU
		{8A4DB238-C2DF-475F-B615-1F4EA06A6AF2}.Release|Any CPU.ActiveCfg = Release|Any CPU
		{8A4DB238-C2DF-475F-B615-1F4EA06A6AF2}.Release|Any CPU.Build.0 = Release|Any CPU
	EndGlobalSection
	GlobalSection(SolutionProperties) = preSolution
		HideSolutionNode = FALSE
	EndGlobalSection
	GlobalSection(ExtensibilityGlobals) = postSolution
		SolutionGuid = {99158AF1-A1E9-425D-A15B-8E59F8B5D692}
	EndGlobalSection
EndGlobal
