
Microsoft Visual Studio Solution File, Format Version 12.00
# Visual Studio Version 17
VisualStudioVersion = 17.7.34024.191
MinimumVisualStudioVersion = 10.0.40219.1
Project("{FAE04EC0-301F-11D3-BF4B-00C04F79EFBC}") = "OddEvenInteger", "OddEvenInteger\OddEvenInteger.csproj", "{E571B04B-8C1D-4E76-84A6-DAC0EC11DD44}"
EndProject
Global
	GlobalSection(SolutionConfigurationPlatforms) = preSolution
		Debug|Any CPU = Debug|Any CPU
		Release|Any CPU = Release|Any CPU
	EndGlobalSection
	GlobalSection(ProjectConfigurationPlatforms) = postSolution
		{E571B04B-8C1D-4E76-84A6-DAC0EC11DD44}.Debug|Any CPU.ActiveCfg = Debug|Any CPU
		{E571B04B-8C1D-4E76-84A6-DAC0EC11DD44}.Debug|Any CPU.Build.0 = Debug|Any CPU
		{E571B04B-8C1D-4E76-84A6-DAC0EC11DD44}.Release|Any CPU.ActiveCfg = Release|Any CPU
		{E571B04B-8C1D-4E76-84A6-DAC0EC11DD44}.Release|Any CPU.Build.0 = Release|Any CPU
	EndGlobalSection
	GlobalSection(SolutionProperties) = preSolution
		HideSolutionNode = FALSE
	EndGlobalSection
	GlobalSection(ExtensibilityGlobals) = postSolution
		SolutionGuid = {EEB28A59-43D4-4681-9267-437E1705FBD7}
	EndGlobalSection
EndGlobal
