
Microsoft Visual Studio Solution File, Format Version 12.00
# Visual Studio Version 17
VisualStudioVersion = 17.7.34009.444
MinimumVisualStudioVersion = 10.0.40219.1
Project("{FAE04EC0-301F-11D3-BF4B-00C04F79EFBC}") = "MathOperators", "MathOperators\MathOperators.csproj", "{5D1857E2-97D0-4FBF-92FD-C7EFE6B35DB9}"
EndProject
Global
	GlobalSection(SolutionConfigurationPlatforms) = preSolution
		Debug|Any CPU = Debug|Any CPU
		Release|Any CPU = Release|Any CPU
	EndGlobalSection
	GlobalSection(ProjectConfigurationPlatforms) = postSolution
		{5D1857E2-97D0-4FBF-92FD-C7EFE6B35DB9}.Debug|Any CPU.ActiveCfg = Debug|Any CPU
		{5D1857E2-97D0-4FBF-92FD-C7EFE6B35DB9}.Debug|Any CPU.Build.0 = Debug|Any CPU
		{5D1857E2-97D0-4FBF-92FD-C7EFE6B35DB9}.Release|Any CPU.ActiveCfg = Release|Any CPU
		{5D1857E2-97D0-4FBF-92FD-C7EFE6B35DB9}.Release|Any CPU.Build.0 = Release|Any CPU
	EndGlobalSection
	GlobalSection(SolutionProperties) = preSolution
		HideSolutionNode = FALSE
	EndGlobalSection
	GlobalSection(ExtensibilityGlobals) = postSolution
		SolutionGuid = {BA1FEADC-8B78-4B5E-9AFB-3A8E43A6562C}
	EndGlobalSection
EndGlobal
