
Microsoft Visual Studio Solution File, Format Version 12.00
# Visual Studio Version 17
VisualStudioVersion = 17.7.34024.191
MinimumVisualStudioVersion = 10.0.40219.1
Project("{FAE04EC0-301F-11D3-BF4B-00C04F79EFBC}") = "PredecessorSucessor", "PredecessorSucessor\PredecessorSucessor.csproj", "{56F4DDC6-797E-4FAE-8E53-CC56A228AFCB}"
EndProject
Global
	GlobalSection(SolutionConfigurationPlatforms) = preSolution
		Debug|Any CPU = Debug|Any CPU
		Release|Any CPU = Release|Any CPU
	EndGlobalSection
	GlobalSection(ProjectConfigurationPlatforms) = postSolution
		{56F4DDC6-797E-4FAE-8E53-CC56A228AFCB}.Debug|Any CPU.ActiveCfg = Debug|Any CPU
		{56F4DDC6-797E-4FAE-8E53-CC56A228AFCB}.Debug|Any CPU.Build.0 = Debug|Any CPU
		{56F4DDC6-797E-4FAE-8E53-CC56A228AFCB}.Release|Any CPU.ActiveCfg = Release|Any CPU
		{56F4DDC6-797E-4FAE-8E53-CC56A228AFCB}.Release|Any CPU.Build.0 = Release|Any CPU
	EndGlobalSection
	GlobalSection(SolutionProperties) = preSolution
		HideSolutionNode = FALSE
	EndGlobalSection
	GlobalSection(ExtensibilityGlobals) = postSolution
		SolutionGuid = {EE0DDE6B-2407-48B3-9F8D-301066E28429}
	EndGlobalSection
EndGlobal
