
Microsoft Visual Studio Solution File, Format Version 12.00
# Visual Studio Version 17
VisualStudioVersion = 17.7.34024.191
MinimumVisualStudioVersion = 10.0.40219.1
Project("{FAE04EC0-301F-11D3-BF4B-00C04F79EFBC}") = "Functions_Lecture1", "Functions_Lecture1\Functions_Lecture1.csproj", "{81040115-8044-47BE-8292-7EE0419BB364}"
EndProject
Global
	GlobalSection(SolutionConfigurationPlatforms) = preSolution
		Debug|Any CPU = Debug|Any CPU
		Release|Any CPU = Release|Any CPU
	EndGlobalSection
	GlobalSection(ProjectConfigurationPlatforms) = postSolution
		{81040115-8044-47BE-8292-7EE0419BB364}.Debug|Any CPU.ActiveCfg = Debug|Any CPU
		{81040115-8044-47BE-8292-7EE0419BB364}.Debug|Any CPU.Build.0 = Debug|Any CPU
		{81040115-8044-47BE-8292-7EE0419BB364}.Release|Any CPU.ActiveCfg = Release|Any CPU
		{81040115-8044-47BE-8292-7EE0419BB364}.Release|Any CPU.Build.0 = Release|Any CPU
	EndGlobalSection
	GlobalSection(SolutionProperties) = preSolution
		HideSolutionNode = FALSE
	EndGlobalSection
	GlobalSection(ExtensibilityGlobals) = postSolution
		SolutionGuid = {CA08D0DE-7085-48CC-ADD9-B7A337AC8F26}
	EndGlobalSection
EndGlobal
