
Microsoft Visual Studio Solution File, Format Version 12.00
# Visual Studio Version 17
VisualStudioVersion = 17.7.34024.191
MinimumVisualStudioVersion = 10.0.40219.1
Project("{FAE04EC0-301F-11D3-BF4B-00C04F79EFBC}") = "DoWhile - Mid Exam Question", "DoWhile - Mid Exam Question\DoWhile - Mid Exam Question.csproj", "{1660A27C-A590-4B9F-A13B-452D0C55A25B}"
EndProject
Global
	GlobalSection(SolutionConfigurationPlatforms) = preSolution
		Debug|Any CPU = Debug|Any CPU
		Release|Any CPU = Release|Any CPU
	EndGlobalSection
	GlobalSection(ProjectConfigurationPlatforms) = postSolution
		{1660A27C-A590-4B9F-A13B-452D0C55A25B}.Debug|Any CPU.ActiveCfg = Debug|Any CPU
		{1660A27C-A590-4B9F-A13B-452D0C55A25B}.Debug|Any CPU.Build.0 = Debug|Any CPU
		{1660A27C-A590-4B9F-A13B-452D0C55A25B}.Release|Any CPU.ActiveCfg = Release|Any CPU
		{1660A27C-A590-4B9F-A13B-452D0C55A25B}.Release|Any CPU.Build.0 = Release|Any CPU
	EndGlobalSection
	GlobalSection(SolutionProperties) = preSolution
		HideSolutionNode = FALSE
	EndGlobalSection
	GlobalSection(ExtensibilityGlobals) = postSolution
		SolutionGuid = {C743AC2F-50F4-404B-89AB-5FDEABDDFB8B}
	EndGlobalSection
EndGlobal
