
Microsoft Visual Studio Solution File, Format Version 12.00
# Visual Studio Version 17
VisualStudioVersion = 17.7.34024.191
MinimumVisualStudioVersion = 10.0.40219.1
Project("{FAE04EC0-301F-11D3-BF4B-00C04F79EFBC}") = "PasswordValidation", "PasswordValidation\PasswordValidation.csproj", "{7B595682-0470-4B44-A0D2-1970AEEAFCD4}"
EndProject
Global
	GlobalSection(SolutionConfigurationPlatforms) = preSolution
		Debug|Any CPU = Debug|Any CPU
		Release|Any CPU = Release|Any CPU
	EndGlobalSection
	GlobalSection(ProjectConfigurationPlatforms) = postSolution
		{7B595682-0470-4B44-A0D2-1970AEEAFCD4}.Debug|Any CPU.ActiveCfg = Debug|Any CPU
		{7B595682-0470-4B44-A0D2-1970AEEAFCD4}.Debug|Any CPU.Build.0 = Debug|Any CPU
		{7B595682-0470-4B44-A0D2-1970AEEAFCD4}.Release|Any CPU.ActiveCfg = Release|Any CPU
		{7B595682-0470-4B44-A0D2-1970AEEAFCD4}.Release|Any CPU.Build.0 = Release|Any CPU
	EndGlobalSection
	GlobalSection(SolutionProperties) = preSolution
		HideSolutionNode = FALSE
	EndGlobalSection
	GlobalSection(ExtensibilityGlobals) = postSolution
		SolutionGuid = {BB1DF774-A226-443E-AC84-2643918A7F19}
	EndGlobalSection
EndGlobal
