
Microsoft Visual Studio Solution File, Format Version 12.00
# Visual Studio Version 17
VisualStudioVersion = 17.7.34024.191
MinimumVisualStudioVersion = 10.0.40219.1
Project("{FAE04EC0-301F-11D3-BF4B-00C04F79EFBC}") = "Reservation", "Reservation\Reservation.csproj", "{19355301-3524-4B2C-B0B4-3F1B13A2C89F}"
EndProject
Global
	GlobalSection(SolutionConfigurationPlatforms) = preSolution
		Debug|Any CPU = Debug|Any CPU
		Release|Any CPU = Release|Any CPU
	EndGlobalSection
	GlobalSection(ProjectConfigurationPlatforms) = postSolution
		{19355301-3524-4B2C-B0B4-3F1B13A2C89F}.Debug|Any CPU.ActiveCfg = Debug|Any CPU
		{19355301-3524-4B2C-B0B4-3F1B13A2C89F}.Debug|Any CPU.Build.0 = Debug|Any CPU
		{19355301-3524-4B2C-B0B4-3F1B13A2C89F}.Release|Any CPU.ActiveCfg = Release|Any CPU
		{19355301-3524-4B2C-B0B4-3F1B13A2C89F}.Release|Any CPU.Build.0 = Release|Any CPU
	EndGlobalSection
	GlobalSection(SolutionProperties) = preSolution
		HideSolutionNode = FALSE
	EndGlobalSection
	GlobalSection(ExtensibilityGlobals) = postSolution
		SolutionGuid = {F4FE00B8-7B90-4830-9784-2D655DDE215B}
	EndGlobalSection
EndGlobal
