
Microsoft Visual Studio Solution File, Format Version 12.00
# Visual Studio Version 17
VisualStudioVersion = 17.7.34024.191
MinimumVisualStudioVersion = 10.0.40219.1
Project("{FAE04EC0-301F-11D3-BF4B-00C04F79EFBC}") = "FunctionsMatrix", "FunctionsMatrix\FunctionsMatrix.csproj", "{6600E22D-0CFB-4315-88DB-D63D8705436E}"
EndProject
Global
	GlobalSection(SolutionConfigurationPlatforms) = preSolution
		Debug|Any CPU = Debug|Any CPU
		Release|Any CPU = Release|Any CPU
	EndGlobalSection
	GlobalSection(ProjectConfigurationPlatforms) = postSolution
		{6600E22D-0CFB-4315-88DB-D63D8705436E}.Debug|Any CPU.ActiveCfg = Debug|Any CPU
		{6600E22D-0CFB-4315-88DB-D63D8705436E}.Debug|Any CPU.Build.0 = Debug|Any CPU
		{6600E22D-0CFB-4315-88DB-D63D8705436E}.Release|Any CPU.ActiveCfg = Release|Any CPU
		{6600E22D-0CFB-4315-88DB-D63D8705436E}.Release|Any CPU.Build.0 = Release|Any CPU
	EndGlobalSection
	GlobalSection(SolutionProperties) = preSolution
		HideSolutionNode = FALSE
	EndGlobalSection
	GlobalSection(ExtensibilityGlobals) = postSolution
		SolutionGuid = {AC395BFC-D886-4B6A-AB3F-2F8769A83B10}
	EndGlobalSection
EndGlobal
