
Microsoft Visual Studio Solution File, Format Version 12.00
# Visual Studio Version 17
VisualStudioVersion = 17.7.34024.191
MinimumVisualStudioVersion = 10.0.40219.1
Project("{FAE04EC0-301F-11D3-BF4B-00C04F79EFBC}") = "listofexercisesRepeat1", "listofexercisesRepeat1\listofexercisesRepeat1.csproj", "{0986D8E5-7C6A-4463-A669-5A7CEB334324}"
EndProject
Global
	GlobalSection(SolutionConfigurationPlatforms) = preSolution
		Debug|Any CPU = Debug|Any CPU
		Release|Any CPU = Release|Any CPU
	EndGlobalSection
	GlobalSection(ProjectConfigurationPlatforms) = postSolution
		{0986D8E5-7C6A-4463-A669-5A7CEB334324}.Debug|Any CPU.ActiveCfg = Debug|Any CPU
		{0986D8E5-7C6A-4463-A669-5A7CEB334324}.Debug|Any CPU.Build.0 = Debug|Any CPU
		{0986D8E5-7C6A-4463-A669-5A7CEB334324}.Release|Any CPU.ActiveCfg = Release|Any CPU
		{0986D8E5-7C6A-4463-A669-5A7CEB334324}.Release|Any CPU.Build.0 = Release|Any CPU
	EndGlobalSection
	GlobalSection(SolutionProperties) = preSolution
		HideSolutionNode = FALSE
	EndGlobalSection
	GlobalSection(ExtensibilityGlobals) = postSolution
		SolutionGuid = {1AA6B347-D1B8-42E4-B503-57BA348C2A3A}
	EndGlobalSection
EndGlobal
