
Microsoft Visual Studio Solution File, Format Version 12.00
# Visual Studio Version 17
VisualStudioVersion = 17.7.34024.191
MinimumVisualStudioVersion = 10.0.40219.1
Project("{FAE04EC0-301F-11D3-BF4B-00C04F79EFBC}") = "GuessNumber1", "GuessNumber1\GuessNumber1.csproj", "{42EB9A56-F0C0-4517-82E9-C1DF30E62864}"
EndProject
Global
	GlobalSection(SolutionConfigurationPlatforms) = preSolution
		Debug|Any CPU = Debug|Any CPU
		Release|Any CPU = Release|Any CPU
	EndGlobalSection
	GlobalSection(ProjectConfigurationPlatforms) = postSolution
		{42EB9A56-F0C0-4517-82E9-C1DF30E62864}.Debug|Any CPU.ActiveCfg = Debug|Any CPU
		{42EB9A56-F0C0-4517-82E9-C1DF30E62864}.Debug|Any CPU.Build.0 = Debug|Any CPU
		{42EB9A56-F0C0-4517-82E9-C1DF30E62864}.Release|Any CPU.ActiveCfg = Release|Any CPU
		{42EB9A56-F0C0-4517-82E9-C1DF30E62864}.Release|Any CPU.Build.0 = Release|Any CPU
	EndGlobalSection
	GlobalSection(SolutionProperties) = preSolution
		HideSolutionNode = FALSE
	EndGlobalSection
	GlobalSection(ExtensibilityGlobals) = postSolution
		SolutionGuid = {163491E5-8524-4033-8674-20EBD2C382A9}
	EndGlobalSection
EndGlobal
