
Microsoft Visual Studio Solution File, Format Version 12.00
# Visual Studio Version 17
VisualStudioVersion = 17.7.34024.191
MinimumVisualStudioVersion = 10.0.40219.1
Project("{FAE04EC0-301F-11D3-BF4B-00C04F79EFBC}") = "PomodoroTimer", "PomodoroTimer\PomodoroTimer.csproj", "{04BAE91B-AA6E-422B-BF42-3FCF556E32EC}"
EndProject
Global
	GlobalSection(SolutionConfigurationPlatforms) = preSolution
		Debug|Any CPU = Debug|Any CPU
		Release|Any CPU = Release|Any CPU
	EndGlobalSection
	GlobalSection(ProjectConfigurationPlatforms) = postSolution
		{04BAE91B-AA6E-422B-BF42-3FCF556E32EC}.Debug|Any CPU.ActiveCfg = Debug|Any CPU
		{04BAE91B-AA6E-422B-BF42-3FCF556E32EC}.Debug|Any CPU.Build.0 = Debug|Any CPU
		{04BAE91B-AA6E-422B-BF42-3FCF556E32EC}.Release|Any CPU.ActiveCfg = Release|Any CPU
		{04BAE91B-AA6E-422B-BF42-3FCF556E32EC}.Release|Any CPU.Build.0 = Release|Any CPU
	EndGlobalSection
	GlobalSection(SolutionProperties) = preSolution
		HideSolutionNode = FALSE
	EndGlobalSection
	GlobalSection(ExtensibilityGlobals) = postSolution
		SolutionGuid = {FE247CB6-1E52-43E1-B41F-FD310057C38E}
	EndGlobalSection
EndGlobal
